{
  "nodes": {
    "deploy-rs": {
      "inputs": {
        "flake-compat": "flake-compat",
        "naersk": "naersk",
        "nixpkgs": "nixpkgs",
        "utils": "utils"
      },
      "locked": {
        "lastModified": 1616406726,
        "narHash": "sha256-n9zmgxR03QNrvs9/fHewqE0j3SjL7Y+cglBCFu3U3rg=",
        "owner": "serokell",
        "repo": "deploy-rs",
        "rev": "9e405fbc5ab5bacbd271fd78c6b6b6877c4d9f8d",
        "type": "github"
      },
      "original": {
        "owner": "serokell",
        "repo": "deploy-rs",
        "type": "github"
      }
    },
    "emacs": {
      "locked": {
        "lastModified": 1616214656,
        "narHash": "sha256-ceFOGcsbGlP/qtxMBlRGFH5fsbN+uGQYeHUrpgcRS4U=",
        "owner": "nix-community",
        "repo": "emacs-overlay",
        "rev": "d9530a7048f4b1c0f65825202a0ce1d111a1d39a",
        "type": "github"
      },
      "original": {
        "owner": "nix-community",
        "repo": "emacs-overlay",
        "type": "github"
      }
    },
    "flake-compat": {
      "flake": false,
      "locked": {
        "lastModified": 1606424373,
        "narHash": "sha256-oq8d4//CJOrVj+EcOaSXvMebvuTkmBJuT5tzlfewUnQ=",
        "owner": "edolstra",
        "repo": "flake-compat",
        "rev": "99f1c2157fba4bfe6211a321fd0ee43199025dbf",
        "type": "github"
      },
      "original": {
        "owner": "edolstra",
        "repo": "flake-compat",
        "type": "github"
      }
    },
    "flake-compat_2": {
      "flake": false,
      "locked": {
        "lastModified": 1606424373,
        "narHash": "sha256-oq8d4//CJOrVj+EcOaSXvMebvuTkmBJuT5tzlfewUnQ=",
        "owner": "edolstra",
        "repo": "flake-compat",
        "rev": "99f1c2157fba4bfe6211a321fd0ee43199025dbf",
        "type": "github"
      },
      "original": {
        "owner": "edolstra",
        "repo": "flake-compat",
        "type": "github"
      }
    },
    "flake-utils": {
      "locked": {
        "lastModified": 1614513358,
        "narHash": "sha256-LakhOx3S1dRjnh0b5Dg3mbZyH0ToC9I8Y2wKSkBaTzU=",
        "owner": "numtide",
        "repo": "flake-utils",
        "rev": "5466c5bbece17adaab2d82fae80b46e807611bf3",
        "type": "github"
      },
      "original": {
        "owner": "numtide",
        "repo": "flake-utils",
        "type": "github"
      }
    },
    "home-manager": {
      "inputs": {
        "nixpkgs": [
          "large"
        ]
      },
      "locked": {
        "lastModified": 1616318638,
        "narHash": "sha256-E6ABXtzw6bHmrIirB1sJL6S2MEa3sfcvRLzRa92frCo=",
        "owner": "nix-community",
        "repo": "home-manager",
        "rev": "ddcd476603dfd3388b1dc8234fa9d550156a51f5",
        "type": "github"
      },
      "original": {
        "owner": "nix-community",
        "ref": "master",
        "repo": "home-manager",
        "type": "github"
      }
    },
    "home-manager-rel2009": {
      "inputs": {
        "nixpkgs": [
          "rel2009"
        ]
      },
      "locked": {
        "lastModified": 1612902587,
        "narHash": "sha256-VZ7Z1OMFf5ReObu3CCVBsC2DWloTYDjqW1onUKejVrE=",
        "owner": "nix-community",
        "repo": "home-manager",
        "rev": "209566c752c4428c7692c134731971193f06b37c",
        "type": "github"
      },
      "original": {
        "owner": "nix-community",
        "ref": "release-20.09",
        "repo": "home-manager",
        "type": "github"
      }
    },
    "large": {
      "locked": {
        "lastModified": 1616174264,
        "narHash": "sha256-88Pu2xh1p2tixNxdijfqoCqq9ymkEx0d6jc7ycWavLo=",
        "owner": "NixOS",
        "repo": "nixpkgs",
        "rev": "f5e8bdd07d1afaabf6b37afc5497b1e498b8046f",
        "type": "github"
      },
      "original": {
        "owner": "NixOS",
        "ref": "nixos-unstable",
        "repo": "nixpkgs",
        "type": "github"
      }
    },
    "naersk": {
      "inputs": {
        "nixpkgs": [
          "nixpkgs"
        ]
      },
      "locked": {
        "lastModified": 1610392286,
        "narHash": "sha256-3wFl5y+4YZO4SgRYK8WE7JIS3p0sxbgrGaQ6RMw+d98=",
        "owner": "nmattia",
        "repo": "naersk",
        "rev": "d7bfbad3304fd768c0f93a4c3b50976275e6d4be",
        "type": "github"
      },
      "original": {
        "owner": "nmattia",
        "ref": "master",
        "repo": "naersk",
        "type": "github"
      }
    },
    "neovim": {
      "inputs": {
        "flake-utils": [
          "flake-utils"
        ],
        "nixpkgs": [
          "large"
        ]
      },
      "locked": {
        "dir": "contrib",
        "lastModified": 1616542075,
        "narHash": "sha256-enjlJt+jQ1/e/SwkKubMA/zLCawtN9czcbknwqiqKYA=",
        "owner": "neovim",
        "repo": "neovim",
        "rev": "1186f7dd96b054d6a653685089fc845a8f5d2f27",
        "type": "github"
      },
      "original": {
        "dir": "contrib",
        "owner": "neovim",
        "repo": "neovim",
        "type": "github"
      }
    },
    "nixpkgs": {
      "locked": {
        "lastModified": 1610942247,
        "narHash": "sha256-PKo1ATAlC6BmfYSRmX0TVmNoFbrec+A5OKcabGEu2yU=",
        "owner": "NixOS",
        "repo": "nixpkgs",
        "rev": "7d71001b796340b219d1bfa8552c81995017544a",
        "type": "github"
      },
      "original": {
        "owner": "NixOS",
        "ref": "nixpkgs-unstable",
        "repo": "nixpkgs",
        "type": "github"
      }
    },
    "nixpkgs_2": {
      "locked": {
        "lastModified": 1616174264,
        "narHash": "sha256-88Pu2xh1p2tixNxdijfqoCqq9ymkEx0d6jc7ycWavLo=",
        "owner": "NixOS",
        "repo": "nixpkgs",
        "rev": "f5e8bdd07d1afaabf6b37afc5497b1e498b8046f",
        "type": "github"
      },
      "original": {
        "owner": "NixOS",
        "ref": "nixos-unstable",
        "repo": "nixpkgs",
        "type": "github"
      }
    },
    "nur": {
      "locked": {
        "lastModified": 1616592041,
        "narHash": "sha256-CWFUC93L5cVFFgpyocpeQ5ATBOqYDGuOGPRdIuqqu4M=",
        "owner": "nix-community",
        "repo": "nur",
        "rev": "79226020063ce21ade4c192cf0c6b7da8b4e7c70",
        "type": "github"
      },
      "original": {
        "owner": "nix-community",
        "repo": "nur",
        "type": "github"
      }
    },
    "rel2009": {
      "locked": {
        "lastModified": 1616396939,
        "narHash": "sha256-equJ4b8vLMvV1eDX82SzUur5CKclQtL9nBsNUFbDMxo=",
        "owner": "NixOS",
        "repo": "nixpkgs",
        "rev": "f8929dce13e729357f31d5b2950cbb097744bed7",
        "type": "github"
      },
      "original": {
        "owner": "NixOS",
        "ref": "nixos-20.09",
        "repo": "nixpkgs",
        "type": "github"
      }
    },
    "rel2009-tempsecretsfix": {
      "locked": {
        "narHash": "sha256-Vg1bYLzbTezao1Bia8pLtck7EM2VrXWnoA1V8xesYMM=",
        "path": "/home/matrss/Projects/nixpkgs",
        "type": "path"
      },
      "original": {
        "path": "/home/matrss/Projects/nixpkgs",
        "type": "path"
      }
    },
    "root": {
      "inputs": {
        "deploy-rs": "deploy-rs",
        "emacs": "emacs",
        "flake-compat": "flake-compat_2",
        "flake-utils": "flake-utils",
        "home-manager": "home-manager",
        "home-manager-rel2009": "home-manager-rel2009",
        "large": "large",
        "neovim": "neovim",
        "nixpkgs": "nixpkgs_2",
        "nur": "nur",
        "rel2009": "rel2009",
        "rel2009-tempsecretsfix": "rel2009-tempsecretsfix",
        "small": "small"
      }
    },
    "small": {
      "locked": {
        "lastModified": 1616574639,
        "narHash": "sha256-GwzddH/IPOiLZpeb/PjKV2bv3AYgXBJUMZXuELFei08=",
        "owner": "NixOS",
        "repo": "nixpkgs",
        "rev": "070bfc96b7446e7d2653a1913b9bc4082d529638",
        "type": "github"
      },
      "original": {
        "owner": "NixOS",
        "ref": "nixos-unstable-small",
        "repo": "nixpkgs",
        "type": "github"
      }
    },
    "utils": {
      "locked": {
        "lastModified": 1610051610,
        "narHash": "sha256-U9rPz/usA1/Aohhk7Cmc2gBrEEKRzcW4nwPWMPwja4Y=",
        "owner": "numtide",
        "repo": "flake-utils",
        "rev": "3982c9903e93927c2164caa727cd3f6a0e6d14cc",
        "type": "github"
      },
      "original": {
        "owner": "numtide",
        "repo": "flake-utils",
        "type": "github"
      }
    }
  },
  "root": "root",
  "version": 7
}
